{
  "version": 4,
  "terraform_version": "0.12.6",
  "serial": 14,
  "lineage": "0ab0dcbc-a267-db82-a0d5-0c9a6ebdcfe1",
  "outputs": {},
  "resources": [
    {
      "mode": "managed",
      "type": "aws_autoscaling_group",
      "name": "default",
      "provider": "provider.aws",
      "instances": [
        {
          "schema_version": 0,
          "attributes": {
            "arn": "arn:aws:autoscaling:us-east-1:393366782675:autoScalingGroup:5871313c-f2ba-41d0-9814-3f53cc2b1ac7:autoScalingGroupName/sagar-asg",
            "availability_zones": [
              "us-east-1c"
            ],
            "default_cooldown": 300,
            "desired_capacity": 1,
            "enabled_metrics": [],
            "force_delete": true,
            "health_check_grace_period": 300,
            "health_check_type": "EC2",
            "id": "sagar-asg",
            "initial_lifecycle_hook": [],
            "launch_configuration": "sagar-asg-conf20190912224200607900000001",
            "launch_template": [],
            "load_balancers": [],
            "max_size": 2,
            "metrics_granularity": "1Minute",
            "min_elb_capacity": null,
            "min_size": 1,
            "mixed_instances_policy": [],
            "name": "sagar-asg",
            "name_prefix": null,
            "placement_group": "",
            "protect_from_scale_in": false,
            "service_linked_role_arn": "arn:aws:iam::393366782675:role/aws-service-role/autoscaling.amazonaws.com/AWSServiceRoleForAutoScaling",
            "suspended_processes": [],
            "tag": [],
            "tags": null,
            "target_group_arns": [],
            "termination_policies": [],
            "timeouts": null,
            "vpc_zone_identifier": [
              "subnet-5796b30b"
            ],
            "wait_for_capacity_timeout": "10m",
            "wait_for_elb_capacity": null
          },
          "private": "eyJlMmJmYjczMC1lY2FhLTExZTYtOGY4OC0zNDM2M2JjN2M0YzAiOnsiZGVsZXRlIjo2MDAwMDAwMDAwMDB9fQ==",
          "depends_on": [
            "aws_launch_configuration.default"
          ]
        }
      ]
    },
    {
      "mode": "managed",
      "type": "aws_autoscaling_policy",
      "name": "AddInstancesPolicy",
      "provider": "provider.aws",
      "instances": [
        {
          "schema_version": 0,
          "attributes": {
            "adjustment_type": "ChangeInCapacity",
            "arn": "arn:aws:autoscaling:us-east-1:393366782675:scalingPolicy:2da059e9-356b-4757-a466-c086cfb0efd3:autoScalingGroupName/sagar-asg:policyName/AddInstancesPolicy",
            "autoscaling_group_name": "sagar-asg",
            "cooldown": 300,
            "estimated_instance_warmup": 0,
            "id": "AddInstancesPolicy",
            "metric_aggregation_type": "",
            "min_adjustment_magnitude": null,
            "min_adjustment_step": null,
            "name": "AddInstancesPolicy",
            "policy_type": "SimpleScaling",
            "scaling_adjustment": 1,
            "step_adjustment": [],
            "target_tracking_configuration": []
          },
          "private": "bnVsbA==",
          "depends_on": [
            "aws_autoscaling_group.default"
          ]
        }
      ]
    },
    {
      "mode": "managed",
      "type": "aws_autoscaling_policy",
      "name": "AddInstancesPolicyformemory",
      "provider": "provider.aws",
      "instances": [
        {
          "schema_version": 0,
          "attributes": {
            "adjustment_type": "ChangeInCapacity",
            "arn": "arn:aws:autoscaling:us-east-1:393366782675:scalingPolicy:059164d3-d40a-4dfa-bbee-94fcdf3b4278:autoScalingGroupName/sagar-asg:policyName/AddInstancesPolicyformemory",
            "autoscaling_group_name": "sagar-asg",
            "cooldown": 300,
            "estimated_instance_warmup": 0,
            "id": "AddInstancesPolicyformemory",
            "metric_aggregation_type": "",
            "min_adjustment_magnitude": null,
            "min_adjustment_step": null,
            "name": "AddInstancesPolicyformemory",
            "policy_type": "SimpleScaling",
            "scaling_adjustment": 1,
            "step_adjustment": [],
            "target_tracking_configuration": []
          },
          "private": "bnVsbA==",
          "depends_on": [
            "aws_autoscaling_group.default"
          ]
        }
      ]
    },
    {
      "mode": "managed",
      "type": "aws_autoscaling_policy",
      "name": "RemoveInstancesPolicy",
      "provider": "provider.aws",
      "instances": [
        {
          "schema_version": 0,
          "attributes": {
            "adjustment_type": "ChangeInCapacity",
            "arn": "arn:aws:autoscaling:us-east-1:393366782675:scalingPolicy:cf126189-6083-43ed-9c29-646fae071753:autoScalingGroupName/sagar-asg:policyName/RemoveInstancesPolicy",
            "autoscaling_group_name": "sagar-asg",
            "cooldown": 300,
            "estimated_instance_warmup": 0,
            "id": "RemoveInstancesPolicy",
            "metric_aggregation_type": "",
            "min_adjustment_magnitude": null,
            "min_adjustment_step": null,
            "name": "RemoveInstancesPolicy",
            "policy_type": "SimpleScaling",
            "scaling_adjustment": -1,
            "step_adjustment": [],
            "target_tracking_configuration": []
          },
          "private": "bnVsbA==",
          "depends_on": [
            "aws_autoscaling_group.default"
          ]
        }
      ]
    },
    {
      "mode": "managed",
      "type": "aws_autoscaling_policy",
      "name": "RemoveInstancesPolicyformemory",
      "provider": "provider.aws",
      "instances": [
        {
          "schema_version": 0,
          "attributes": {
            "adjustment_type": "ChangeInCapacity",
            "arn": "arn:aws:autoscaling:us-east-1:393366782675:scalingPolicy:ab4d3230-8f37-4b45-988d-92b462ff5fe7:autoScalingGroupName/sagar-asg:policyName/RemoveInstancesPolicyformemory",
            "autoscaling_group_name": "sagar-asg",
            "cooldown": 300,
            "estimated_instance_warmup": 0,
            "id": "RemoveInstancesPolicyformemory",
            "metric_aggregation_type": "",
            "min_adjustment_magnitude": null,
            "min_adjustment_step": null,
            "name": "RemoveInstancesPolicyformemory",
            "policy_type": "SimpleScaling",
            "scaling_adjustment": -1,
            "step_adjustment": [],
            "target_tracking_configuration": []
          },
          "private": "bnVsbA==",
          "depends_on": [
            "aws_autoscaling_group.default"
          ]
        }
      ]
    },
    {
      "mode": "managed",
      "type": "aws_cloudwatch_metric_alarm",
      "name": "cpu-alarm-high",
      "provider": "provider.aws",
      "instances": [
        {
          "schema_version": 1,
          "attributes": {
            "actions_enabled": true,
            "alarm_actions": [
              "arn:aws:autoscaling:us-east-1:393366782675:scalingPolicy:2da059e9-356b-4757-a466-c086cfb0efd3:autoScalingGroupName/sagar-asg:policyName/AddInstancesPolicy"
            ],
            "alarm_description": "sagar-cpu-alarm",
            "alarm_name": "sagar-cpu-alarm",
            "arn": "arn:aws:cloudwatch:us-east-1:393366782675:alarm:sagar-cpu-alarm",
            "comparison_operator": "GreaterThanOrEqualToThreshold",
            "datapoints_to_alarm": 0,
            "dimensions": {
              "AutoScalingGroupName": "sagar-asg"
            },
            "evaluate_low_sample_count_percentiles": "",
            "evaluation_periods": 2,
            "extended_statistic": "",
            "id": "sagar-cpu-alarm",
            "insufficient_data_actions": [],
            "metric_name": "CPUUtilization",
            "metric_query": [],
            "namespace": "AWS/EC2",
            "ok_actions": [],
            "period": 120,
            "statistic": "Average",
            "tags": {},
            "threshold": 60,
            "treat_missing_data": "missing",
            "unit": ""
          },
          "private": "eyJzY2hlbWFfdmVyc2lvbiI6IjEifQ==",
          "depends_on": [
            "aws_autoscaling_group.default",
            "aws_autoscaling_policy.AddInstancesPolicy"
          ]
        }
      ]
    },
    {
      "mode": "managed",
      "type": "aws_cloudwatch_metric_alarm",
      "name": "cpu-alarm-low",
      "provider": "provider.aws",
      "instances": [
        {
          "schema_version": 1,
          "attributes": {
            "actions_enabled": true,
            "alarm_actions": [
              "arn:aws:autoscaling:us-east-1:393366782675:scalingPolicy:cf126189-6083-43ed-9c29-646fae071753:autoScalingGroupName/sagar-asg:policyName/RemoveInstancesPolicy"
            ],
            "alarm_description": "sagar-cpu-alarm-low",
            "alarm_name": "sagar-cpu-alarm-low",
            "arn": "arn:aws:cloudwatch:us-east-1:393366782675:alarm:sagar-cpu-alarm-low",
            "comparison_operator": "LessThanOrEqualToThreshold",
            "datapoints_to_alarm": 0,
            "dimensions": {
              "AutoScalingGroupName": "sagar-asg"
            },
            "evaluate_low_sample_count_percentiles": "",
            "evaluation_periods": 2,
            "extended_statistic": "",
            "id": "sagar-cpu-alarm-low",
            "insufficient_data_actions": [],
            "metric_name": "CPUUtilization",
            "metric_query": [],
            "namespace": "AWS/EC2",
            "ok_actions": [],
            "period": 120,
            "statistic": "Average",
            "tags": {},
            "threshold": 30,
            "treat_missing_data": "missing",
            "unit": ""
          },
          "private": "eyJzY2hlbWFfdmVyc2lvbiI6IjEifQ==",
          "depends_on": [
            "aws_autoscaling_group.default",
            "aws_autoscaling_policy.RemoveInstancesPolicy"
          ]
        }
      ]
    },
    {
      "mode": "managed",
      "type": "aws_cloudwatch_metric_alarm",
      "name": "memory-high",
      "provider": "provider.aws",
      "instances": [
        {
          "schema_version": 1,
          "attributes": {
            "actions_enabled": true,
            "alarm_actions": [
              "arn:aws:autoscaling:us-east-1:393366782675:scalingPolicy:059164d3-d40a-4dfa-bbee-94fcdf3b4278:autoScalingGroupName/sagar-asg:policyName/AddInstancesPolicyformemory"
            ],
            "alarm_description": "sagar-memory-alarm1",
            "alarm_name": "sagar-memory-alarm1",
            "arn": "arn:aws:cloudwatch:us-east-1:393366782675:alarm:sagar-memory-alarm1",
            "comparison_operator": "GreaterThanOrEqualToThreshold",
            "datapoints_to_alarm": 0,
            "dimensions": {
              "AutoScalingGroupName": "sagar-asg"
            },
            "evaluate_low_sample_count_percentiles": "",
            "evaluation_periods": 2,
            "extended_statistic": "",
            "id": "sagar-memory-alarm1",
            "insufficient_data_actions": null,
            "metric_name": "MemoryUtilization",
            "metric_query": [],
            "namespace": "AWS/EC2",
            "ok_actions": null,
            "period": 120,
            "statistic": "Average",
            "tags": null,
            "threshold": 50,
            "treat_missing_data": "missing",
            "unit": ""
          },
          "private": "eyJzY2hlbWFfdmVyc2lvbiI6IjEifQ==",
          "depends_on": [
            "aws_autoscaling_group.default",
            "aws_autoscaling_policy.AddInstancesPolicyformemory"
          ]
        }
      ]
    },
    {
      "mode": "managed",
      "type": "aws_cloudwatch_metric_alarm",
      "name": "memory-low",
      "provider": "provider.aws",
      "instances": [
        {
          "schema_version": 1,
          "attributes": {
            "actions_enabled": true,
            "alarm_actions": [
              "arn:aws:autoscaling:us-east-1:393366782675:scalingPolicy:ab4d3230-8f37-4b45-988d-92b462ff5fe7:autoScalingGroupName/sagar-asg:policyName/RemoveInstancesPolicyformemory"
            ],
            "alarm_description": "sagar-memory-alarm",
            "alarm_name": "sagar-memory-alarm",
            "arn": "arn:aws:cloudwatch:us-east-1:393366782675:alarm:sagar-memory-alarm",
            "comparison_operator": "LessThanOrEqualToThreshold",
            "datapoints_to_alarm": 0,
            "dimensions": {
              "AutoScalingGroupName": "sagar-asg"
            },
            "evaluate_low_sample_count_percentiles": "",
            "evaluation_periods": 2,
            "extended_statistic": "",
            "id": "sagar-memory-alarm",
            "insufficient_data_actions": [],
            "metric_name": "MemoryUtilization",
            "metric_query": [],
            "namespace": "AWS/EC2",
            "ok_actions": [],
            "period": 120,
            "statistic": "Average",
            "tags": {},
            "threshold": 20,
            "treat_missing_data": "missing",
            "unit": ""
          },
          "private": "eyJzY2hlbWFfdmVyc2lvbiI6IjEifQ==",
          "depends_on": [
            "aws_autoscaling_group.default",
            "aws_autoscaling_policy.RemoveInstancesPolicyformemory"
          ]
        }
      ]
    },
    {
      "mode": "managed",
      "type": "aws_launch_configuration",
      "name": "default",
      "provider": "provider.aws",
      "instances": [
        {
          "schema_version": 0,
          "attributes": {
            "associate_public_ip_address": false,
            "ebs_block_device": [],
            "ebs_optimized": false,
            "enable_monitoring": true,
            "ephemeral_block_device": [],
            "iam_instance_profile": "",
            "id": "sagar-asg-conf20190912224200607900000001",
            "image_id": "ami-07d0cf3af28718ef8",
            "instance_type": "t2.micro",
            "key_name": "ALL",
            "name": "sagar-asg-conf20190912224200607900000001",
            "name_prefix": "sagar-asg-conf",
            "placement_tenancy": null,
            "root_block_device": [],
            "security_groups": [
              "sg-b67239eb"
            ],
            "spot_price": "",
            "user_data": null,
            "user_data_base64": null,
            "vpc_classic_link_id": "",
            "vpc_classic_link_security_groups": []
          },
          "private": "bnVsbA=="
        }
      ]
    }
  ]
}
